
Microsoft Visual Studio Solution File, Format Version 12.00
# Visual Studio Version 17
VisualStudioVersion = 17.4.33213.308
MinimumVisualStudioVersion = 10.0.40219.1
Project("{FAE04EC0-301F-11D3-BF4B-00C04F79EFBC}") = "BTKakademi", "BTKakademi\BTKakademi.csproj", "{9163FFC9-7662-44CF-A683-0EB91CFC840D}"
EndProject
Global
	GlobalSection(SolutionConfigurationPlatforms) = preSolution
		Debug|Any CPU = Debug|Any CPU
		Release|Any CPU = Release|Any CPU
	EndGlobalSection
	GlobalSection(ProjectConfigurationPlatforms) = postSolution
		{9163FFC9-7662-44CF-A683-0EB91CFC840D}.Debug|Any CPU.ActiveCfg = Debug|Any CPU
		{9163FFC9-7662-44CF-A683-0EB91CFC840D}.Debug|Any CPU.Build.0 = Debug|Any CPU
		{9163FFC9-7662-44CF-A683-0EB91CFC840D}.Release|Any CPU.ActiveCfg = Release|Any CPU
		{9163FFC9-7662-44CF-A683-0EB91CFC840D}.Release|Any CPU.Build.0 = Release|Any CPU
	EndGlobalSection
	GlobalSection(SolutionProperties) = preSolution
		HideSolutionNode = FALSE
	EndGlobalSection
	GlobalSection(ExtensibilityGlobals) = postSolution
		SolutionGuid = {02A8A864-CF83-48D0-B76E-2133BFDDB596}
	EndGlobalSection
EndGlobal
